// !$*UTF8*$!
{
	archiveVersion = 1;
	classes = {
	};
	objectVersion = 77;
	objects = {

/* Begin PBXContainerItemProxy section */
		4371B1702E08F94700B003B2 /* PBXContainerItemProxy */ = {
			isa = PBXContainerItemProxy;
			containerPortal = 4371B1592E08F94500B003B2 /* Project object */;
			proxyType = 1;
			remoteGlobalIDString = 4371B1602E08F94500B003B2;
			remoteInfo = Hoop;
		};
		4371B17A2E08F94700B003B2 /* PBXContainerItemProxy */ = {
			isa = PBXContainerItemProxy;
			containerPortal = 4371B1592E08F94500B003B2 /* Project object */;
			proxyType = 1;
			remoteGlobalIDString = 4371B1602E08F94500B003B2;
			remoteInfo = Hoop;
		};
/* End PBXContainerItemProxy section */

/* Begin PBXFileReference section */
		4371B1612E08F94500B003B2 /* Hoop.app */ = {isa = PBXFileReference; explicitFileType = wrapper.application; includeInIndex = 0; path = Hoop.app; sourceTree = BUILT_PRODUCTS_DIR; };
		4371B16F2E08F94700B003B2 /* HoopTests.xctest */ = {isa = PBXFileReference; explicitFileType = wrapper.cfbundle; includeInIndex = 0; path = HoopTests.xctest; sourceTree = BUILT_PRODUCTS_DIR; };
		4371B1792E08F94700B003B2 /* HoopUITests.xctest */ = {isa = PBXFileReference; explicitFileType = wrapper.cfbundle; includeInIndex = 0; path = HoopUITests.xctest; sourceTree = BUILT_PRODUCTS_DIR; };
/* End PBXFileReference section */

/* Begin PBXFileSystemSynchronizedRootGroup section */
		4371B1632E08F94500B003B2 /* Hoop */ = {
			isa = PBXFileSystemSynchronizedRootGroup;
			path = Hoop;
			sourceTree = "<group>";
		};
		4371B1722E08F94700B003B2 /* HoopTests */ = {
			isa = PBXFileSystemSynchronizedRootGroup;
			path = HoopTests;
			sourceTree = "<group>";
		};
		4371B17C2E08F94700B003B2 /* HoopUITests */ = {
			isa = PBXFileSystemSynchronizedRootGroup;
			path = HoopUITests;
			sourceTree = "<group>";
		};
/* End PBXFileSystemSynchronizedRootGroup section */

/* Begin PBXFrameworksBuildPhase section */
		4371B15E2E08F94500B003B2 /* Frameworks */ = {
			isa = PBXFrameworksBuildPhase;
			buildActionMask = 2147483647;
			files = (
			);
			runOnlyForDeploymentPostprocessing = 0;
		};
		4371B16C2E08F94700B003B2 /* Frameworks */ = {
			isa = PBXFrameworksBuildPhase;
			buildActionMask = 2147483647;
			files = (
			);
			runOnlyForDeploymentPostprocessing = 0;
		};
		4371B1762E08F94700B003B2 /* Frameworks */ = {
			isa = PBXFrameworksBuildPhase;
			buildActionMask = 2147483647;
			files = (
			);
			runOnlyForDeploymentPostprocessing = 0;
		};
/* End PBXFrameworksBuildPhase section */

/* Begin PBXGroup section */
		4371B1582E08F94500B003B2 = {
			isa = PBXGroup;
			children = (
				4371B1632E08F94500B003B2 /* Hoop */,
				4371B1722E08F94700B003B2 /* HoopTests */,
				4371B17C2E08F94700B003B2 /* HoopUITests */,
				4371B1622E08F94500B003B2 /* Products */,
			);
			sourceTree = "<group>";
		};
		4371B1622E08F94500B003B2 /* Products */ = {
			isa = PBXGroup;
			children = (
				4371B1612E08F94500B003B2 /* Hoop.app */,
				4371B16F2E08F94700B003B2 /* HoopTests.xctest */,
				4371B1792E08F94700B003B2 /* HoopUITests.xctest */,
			);
			name = Products;
			sourceTree = "<group>";
		};
/* End PBXGroup section */

/* Begin PBXNativeTarget section */
		4371B1602E08F94500B003B2 /* Hoop */ = {
			isa = PBXNativeTarget;
			buildConfigurationList = 4371B1832E08F94700B003B2 /* Build configuration list for PBXNativeTarget "Hoop" */;
			buildPhases = (
				4371B15D2E08F94500B003B2 /* Sources */,
				4371B15E2E08F94500B003B2 /* Frameworks */,
				4371B15F2E08F94500B003B2 /* Resources */,
			);
			buildRules = (
			);
			dependencies = (
			);
			fileSystemSynchronizedGroups = (
				4371B1632E08F94500B003B2 /* Hoop */,
			);
			name = Hoop;
			packageProductDependencies = (
			);
			productName = Hoop;
			productReference = 4371B1612E08F94500B003B2 /* Hoop.app */;
			productType = "com.apple.product-type.application";
		};
		4371B16E2E08F94700B003B2 /* HoopTests */ = {
			isa = PBXNativeTarget;
			buildConfigurationList = 4371B1862E08F94700B003B2 /* Build configuration list for PBXNativeTarget "HoopTests" */;
			buildPhases = (
				4371B16B2E08F94700B003B2 /* Sources */,
				4371B16C2E08F94700B003B2 /* Frameworks */,
				4371B16D2E08F94700B003B2 /* Resources */,
			);
			buildRules = (
			);
			dependencies = (
				4371B1712E08F94700B003B2 /* PBXTargetDependency */,
			);
			fileSystemSynchronizedGroups = (
				4371B1722E08F94700B003B2 /* HoopTests */,
			);
			name = HoopTests;
			packageProductDependencies = (
			);
			productName = HoopTests;
			productReference = 4371B16F2E08F94700B003B2 /* HoopTests.xctest */;
			productType = "com.apple.product-type.bundle.unit-test";
		};
		4371B1782E08F94700B003B2 /* HoopUITests */ = {
			isa = PBXNativeTarget;
			buildConfigurationList = 4371B1892E08F94700B003B2 /* Build configuration list for PBXNativeTarget "HoopUITests" */;
			buildPhases = (
				4371B1752E08F94700B003B2 /* Sources */,
				4371B1762E08F94700B003B2 /* Frameworks */,
				4371B1772E08F94700B003B2 /* Resources */,
			);
			buildRules = (
			);
			dependencies = (
				4371B17B2E08F94700B003B2 /* PBXTargetDependency */,
			);
			fileSystemSynchronizedGroups = (
				4371B17C2E08F94700B003B2 /* HoopUITests */,
			);
			name = HoopUITests;
			packageProductDependencies = (
			);
			productName = HoopUITests;
			productReference = 4371B1792E08F94700B003B2 /* HoopUITests.xctest */;
			productType = "com.apple.product-type.bundle.ui-testing";
		};
/* End PBXNativeTarget section */

/* Begin PBXProject section */
		4371B1592E08F94500B003B2 /* Project object */ = {
			isa = PBXProject;
			attributes = {
				BuildIndependentTargetsInParallel = 1;
				LastSwiftUpdateCheck = 1640;
				LastUpgradeCheck = 1640;
				TargetAttributes = {
					4371B1602E08F94500B003B2 = {
						CreatedOnToolsVersion = 16.4;
					};
					4371B16E2E08F94700B003B2 = {
						CreatedOnToolsVersion = 16.4;
						TestTargetID = 4371B1602E08F94500B003B2;
					};
					4371B1782E08F94700B003B2 = {
						CreatedOnToolsVersion = 16.4;
						TestTargetID = 4371B1602E08F94500B003B2;
					};
				};
			};
			buildConfigurationList = 4371B15C2E08F94500B003B2 /* Build configuration list for PBXProject "Hoop" */;
			developmentRegion = en;
			hasScannedForEncodings = 0;
			knownRegions = (
				en,
				Base,
			);
			mainGroup = 4371B1582E08F94500B003B2;
			minimizedProjectReferenceProxies = 1;
			preferredProjectObjectVersion = 77;
			productRefGroup = 4371B1622E08F94500B003B2 /* Products */;
			projectDirPath = "";
			projectRoot = "";
			targets = (
				4371B1602E08F94500B003B2 /* Hoop */,
				4371B16E2E08F94700B003B2 /* HoopTests */,
				4371B1782E08F94700B003B2 /* HoopUITests */,
			);
		};
/* End PBXProject section */

/* Begin PBXResourcesBuildPhase section */
		4371B15F2E08F94500B003B2 /* Resources */ = {
			isa = PBXResourcesBuildPhase;
			buildActionMask = 2147483647;
			files = (
			);
			runOnlyForDeploymentPostprocessing = 0;
		};
		4371B16D2E08F94700B003B2 /* Resources */ = {
			isa = PBXResourcesBuildPhase;
			buildActionMask = 2147483647;
			files = (
			);
			runOnlyForDeploymentPostprocessing = 0;
		};
		4371B1772E08F94700B003B2 /* Resources */ = {
			isa = PBXResourcesBuildPhase;
			buildActionMask = 2147483647;
			files = (
			);
			runOnlyForDeploymentPostprocessing = 0;
		};
/* End PBXResourcesBuildPhase section */

/* Begin PBXSourcesBuildPhase section */
		4371B15D2E08F94500B003B2 /* Sources */ = {
			isa = PBXSourcesBuildPhase;
			buildActionMask = 2147483647;
			files = (
			);
			runOnlyForDeploymentPostprocessing = 0;
		};
		4371B16B2E08F94700B003B2 /* Sources */ = {
			isa = PBXSourcesBuildPhase;
			buildActionMask = 2147483647;
			files = (
			);
			runOnlyForDeploymentPostprocessing = 0;
		};
		4371B1752E08F94700B003B2 /* Sources */ = {
			isa = PBXSourcesBuildPhase;
			buildActionMask = 2147483647;
			files = (
			);
			runOnlyForDeploymentPostprocessing = 0;
		};
/* End PBXSourcesBuildPhase section */

/* Begin PBXTargetDependency section */
		4371B1712E08F94700B003B2 /* PBXTargetDependency */ = {
			isa = PBXTargetDependency;
			target = 4371B1602E08F94500B003B2 /* Hoop */;
			targetProxy = 4371B1702E08F94700B003B2 /* PBXContainerItemProxy */;
		};
		4371B17B2E08F94700B003B2 /* PBXTargetDependency */ = {
			isa = PBXTargetDependency;
			target = 4371B1602E08F94500B003B2 /* Hoop */;
			targetProxy = 4371B17A2E08F94700B003B2 /* PBXContainerItemProxy */;
		};
/* End PBXTargetDependency section */

/* Begin XCBuildConfiguration section */
		4371B1812E08F94700B003B2 /* Debug */ = {
			isa = XCBuildConfiguration;
			buildSettings = {
				ALWAYS_SEARCH_USER_PATHS = NO;
				ASSETCATALOG_COMPILER_GENERATE_SWIFT_ASSET_SYMBOL_EXTENSIONS = YES;
				CLANG_ANALYZER_NONNULL = YES;
				CLANG_ANALYZER_NUMBER_OBJECT_CONVERSION = YES_AGGRESSIVE;
				CLANG_CXX_LANGUAGE_STANDARD = "gnu++20";
				CLANG_ENABLE_MODULES = YES;
				CLANG_ENABLE_OBJC_ARC = YES;
				CLANG_ENABLE_OBJC_WEAK = YES;
				CLANG_WARN_BLOCK_CAPTURE_AUTORELEASING = YES;
				CLANG_WARN_BOOL_CONVERSION = YES;
				CLANG_WARN_COMMA = YES;
				CLANG_WARN_CONSTANT_CONVERSION = YES;
				CLANG_WARN_DEPRECATED_OBJC_IMPLEMENTATIONS = YES;
				CLANG_WARN_DIRECT_OBJC_ISA_USAGE = YES_ERROR;
				CLANG_WARN_DOCUMENTATION_COMMENTS = YES;
				CLANG_WARN_EMPTY_BODY = YES;
				CLANG_WARN_ENUM_CONVERSION = YES;
				CLANG_WARN_INFINITE_RECURSION = YES;
				CLANG_WARN_INT_CONVERSION = YES;
				CLANG_WARN_NON_LITERAL_NULL_CONVERSION = YES;
				CLANG_WARN_OBJC_IMPLICIT_RETAIN_SELF = YES;
				CLANG_WARN_OBJC_LITERAL_CONVERSION = YES;
				CLANG_WARN_OBJC_ROOT_CLASS = YES_ERROR;
				CLANG_WARN_QUOTED_INCLUDE_IN_FRAMEWORK_HEADER = YES;
				CLANG_WARN_RANGE_LOOP_ANALYSIS = YES;
				CLANG_WARN_STRICT_PROTOTYPES = YES;
				CLANG_WARN_SUSPICIOUS_MOVE = YES;
				CLANG_WARN_UNGUARDED_AVAILABILITY = YES_AGGRESSIVE;
				CLANG_WARN_UNREACHABLE_CODE = YES;
				CLANG_WARN__DUPLICATE_METHOD_MATCH = YES;
				COPY_PHASE_STRIP = NO;
				DEBUG_INFORMATION_FORMAT = dwarf;
				ENABLE_STRICT_OBJC_MSGSEND = YES;
				ENABLE_TESTABILITY = YES;
				ENABLE_USER_SCRIPT_SANDBOXING = YES;
				GCC_C_LANGUAGE_STANDARD = gnu17;
				GCC_DYNAMIC_NO_PIC = NO;
				GCC_NO_COMMON_BLOCKS = YES;
				GCC_OPTIMIZATION_LEVEL = 0;
				GCC_PREPROCESSOR_DEFINITIONS = (
					"DEBUG=1",
					"$(inherited)",
				);
				GCC_WARN_64_TO_32_BIT_CONVERSION = YES;
				GCC_WARN_ABOUT_RETURN_TYPE = YES_ERROR;
				GCC_WARN_UNDECLARED_SELECTOR = YES;
				GCC_WARN_UNINITIALIZED_AUTOS = YES_AGGRESSIVE;
				GCC_WARN_UNUSED_FUNCTION = YES;
				GCC_WARN_UNUSED_VARIABLE = YES;
				LOCALIZATION_PREFERS_STRING_CATALOGS = YES;
				MACOSX_DEPLOYMENT_TARGET = 15.5;
				MTL_ENABLE_DEBUG_INFO = INCLUDE_SOURCE;
				MTL_FAST_MATH = YES;
				ONLY_ACTIVE_ARCH = YES;
				SDKROOT = macosx;
				SWIFT_ACTIVE_COMPILATION_CONDITIONS = "DEBUG $(inherited)";
				SWIFT_OPTIMIZATION_LEVEL = "-Onone";
			};
			name = Debug;
		};
		4371B1822E08F94700B003B2 /* Release */ = {
			isa = XCBuildConfiguration;
			buildSettings = {
				ALWAYS_SEARCH_USER_PATHS = NO;
				ASSETCATALOG_COMPILER_GENERATE_SWIFT_ASSET_SYMBOL_EXTENSIONS = YES;
				CLANG_ANALYZER_NONNULL = YES;
				CLANG_ANALYZER_NUMBER_OBJECT_CONVERSION = YES_AGGRESSIVE;
				CLANG_CXX_LANGUAGE_STANDARD = "gnu++20";
				CLANG_ENABLE_MODULES = YES;
				CLANG_ENABLE_OBJC_ARC = YES;
				CLANG_ENABLE_OBJC_WEAK = YES;
				CLANG_WARN_BLOCK_CAPTURE_AUTORELEASING = YES;
				CLANG_WARN_BOOL_CONVERSION = YES;
				CLANG_WARN_COMMA = YES;
				CLANG_WARN_CONSTANT_CONVERSION = YES;
				CLANG_WARN_DEPRECATED_OBJC_IMPLEMENTATIONS = YES;
				CLANG_WARN_DIRECT_OBJC_ISA_USAGE = YES_ERROR;
				CLANG_WARN_DOCUMENTATION_COMMENTS = YES;
				CLANG_WARN_EMPTY_BODY = YES;
				CLANG_WARN_ENUM_CONVERSION = YES;
				CLANG_WARN_INFINITE_RECURSION = YES;
				CLANG_WARN_INT_CONVERSION = YES;
				CLANG_WARN_NON_LITERAL_NULL_CONVERSION = YES;
				CLANG_WARN_OBJC_IMPLICIT_RETAIN_SELF = YES;
				CLANG_WARN_OBJC_LITERAL_CONVERSION = YES;
				CLANG_WARN_OBJC_ROOT_CLASS = YES_ERROR;
				CLANG_WARN_QUOTED_INCLUDE_IN_FRAMEWORK_HEADER = YES;
				CLANG_WARN_RANGE_LOOP_ANALYSIS = YES;
				CLANG_WARN_STRICT_PROTOTYPES = YES;
				CLANG_WARN_SUSPICIOUS_MOVE = YES;
				CLANG_WARN_UNGUARDED_AVAILABILITY = YES_AGGRESSIVE;
				CLANG_WARN_UNREACHABLE_CODE = YES;
				CLANG_WARN__DUPLICATE_METHOD_MATCH = YES;
				COPY_PHASE_STRIP = NO;
				DEBUG_INFORMATION_FORMAT = "dwarf-with-dsym";
				ENABLE_NS_ASSERTIONS = NO;
				ENABLE_STRICT_OBJC_MSGSEND = YES;
				ENABLE_USER_SCRIPT_SANDBOXING = YES;
				GCC_C_LANGUAGE_STANDARD = gnu17;
				GCC_NO_COMMON_BLOCKS = YES;
				GCC_WARN_64_TO_32_BIT_CONVERSION = YES;
				GCC_WARN_ABOUT_RETURN_TYPE = YES_ERROR;
				GCC_WARN_UNDECLARED_SELECTOR = YES;
				GCC_WARN_UNINITIALIZED_AUTOS = YES_AGGRESSIVE;
				GCC_WARN_UNUSED_FUNCTION = YES;
				GCC_WARN_UNUSED_VARIABLE = YES;
				LOCALIZATION_PREFERS_STRING_CATALOGS = YES;
				MACOSX_DEPLOYMENT_TARGET = 15.5;
				MTL_ENABLE_DEBUG_INFO = NO;
				MTL_FAST_MATH = YES;
				SDKROOT = macosx;
				SWIFT_COMPILATION_MODE = wholemodule;
			};
			name = Release;
		};
		4371B1842E08F94700B003B2 /* Debug */ = {
			isa = XCBuildConfiguration;
			buildSettings = {
				ASSETCATALOG_COMPILER_APPICON_NAME = AppIcon;
				ASSETCATALOG_COMPILER_GLOBAL_ACCENT_COLOR_NAME = AccentColor;
				CODE_SIGN_ENTITLEMENTS = Hoop/Hoop.entitlements;
				CODE_SIGN_STYLE = Automatic;
				COMBINE_HIDPI_IMAGES = YES;
				CURRENT_PROJECT_VERSION = 1;
				ENABLE_PREVIEWS = YES;
				GENERATE_INFOPLIST_FILE = YES;
				INFOPLIST_KEY_NSHumanReadableCopyright = "";
				LD_RUNPATH_SEARCH_PATHS = (
					"$(inherited)",
					"@executable_path/../Frameworks",
				);
				MARKETING_VERSION = 1.0;
				PRODUCT_BUNDLE_IDENTIFIER = com.oliy.Hoop;
				PRODUCT_NAME = "$(TARGET_NAME)";
				REGISTER_APP_GROUPS = YES;
				SWIFT_EMIT_LOC_STRINGS = YES;
				SWIFT_VERSION = 5.0;
			};
			name = Debug;
		};
		4371B1852E08F94700B003B2 /* Release */ = {
			isa = XCBuildConfiguration;
			buildSettings = {
				ASSETCATALOG_COMPILER_APPICON_NAME = AppIcon;
				ASSETCATALOG_COMPILER_GLOBAL_ACCENT_COLOR_NAME = AccentColor;
				CODE_SIGN_ENTITLEMENTS = Hoop/Hoop.entitlements;
				CODE_SIGN_STYLE = Automatic;
				COMBINE_HIDPI_IMAGES = YES;
				CURRENT_PROJECT_VERSION = 1;
				ENABLE_PREVIEWS = YES;
				GENERATE_INFOPLIST_FILE = YES;
				INFOPLIST_KEY_NSHumanReadableCopyright = "";
				LD_RUNPATH_SEARCH_PATHS = (
					"$(inherited)",
					"@executable_path/../Frameworks",
				);
				MARKETING_VERSION = 1.0;
				PRODUCT_BUNDLE_IDENTIFIER = com.oliy.Hoop;
				PRODUCT_NAME = "$(TARGET_NAME)";
				REGISTER_APP_GROUPS = YES;
				SWIFT_EMIT_LOC_STRINGS = YES;
				SWIFT_VERSION = 5.0;
			};
			name = Release;
		};
		4371B1872E08F94700B003B2 /* Debug */ = {
			isa = XCBuildConfiguration;
			buildSettings = {
				BUNDLE_LOADER = "$(TEST_HOST)";
				CODE_SIGN_STYLE = Automatic;
				CURRENT_PROJECT_VERSION = 1;
				GENERATE_INFOPLIST_FILE = YES;
				MACOSX_DEPLOYMENT_TARGET = 15.5;
				MARKETING_VERSION = 1.0;
				PRODUCT_BUNDLE_IDENTIFIER = com.oliy.HoopTests;
				PRODUCT_NAME = "$(TARGET_NAME)";
				SWIFT_EMIT_LOC_STRINGS = NO;
				SWIFT_VERSION = 5.0;
				TEST_HOST = "$(BUILT_PRODUCTS_DIR)/Hoop.app/$(BUNDLE_EXECUTABLE_FOLDER_PATH)/Hoop";
			};
			name = Debug;
		};
		4371B1882E08F94700B003B2 /* Release */ = {
			isa = XCBuildConfiguration;
			buildSettings = {
				BUNDLE_LOADER = "$(TEST_HOST)";
				CODE_SIGN_STYLE = Automatic;
				CURRENT_PROJECT_VERSION = 1;
				GENERATE_INFOPLIST_FILE = YES;
				MACOSX_DEPLOYMENT_TARGET = 15.5;
				MARKETING_VERSION = 1.0;
				PRODUCT_BUNDLE_IDENTIFIER = com.oliy.HoopTests;
				PRODUCT_NAME = "$(TARGET_NAME)";
				SWIFT_EMIT_LOC_STRINGS = NO;
				SWIFT_VERSION = 5.0;
				TEST_HOST = "$(BUILT_PRODUCTS_DIR)/Hoop.app/$(BUNDLE_EXECUTABLE_FOLDER_PATH)/Hoop";
			};
			name = Release;
		};
		4371B18A2E08F94700B003B2 /* Debug */ = {
			isa = XCBuildConfiguration;
			buildSettings = {
				CODE_SIGN_STYLE = Automatic;
				CURRENT_PROJECT_VERSION = 1;
				GENERATE_INFOPLIST_FILE = YES;
				MARKETING_VERSION = 1.0;
				PRODUCT_BUNDLE_IDENTIFIER = com.oliy.HoopUITests;
				PRODUCT_NAME = "$(TARGET_NAME)";
				SWIFT_EMIT_LOC_STRINGS = NO;
				SWIFT_VERSION = 5.0;
				TEST_TARGET_NAME = Hoop;
			};
			name = Debug;
		};
		4371B18B2E08F94700B003B2 /* Release */ = {
			isa = XCBuildConfiguration;
			buildSettings = {
				CODE_SIGN_STYLE = Automatic;
				CURRENT_PROJECT_VERSION = 1;
				GENERATE_INFOPLIST_FILE = YES;
				MARKETING_VERSION = 1.0;
				PRODUCT_BUNDLE_IDENTIFIER = com.oliy.HoopUITests;
				PRODUCT_NAME = "$(TARGET_NAME)";
				SWIFT_EMIT_LOC_STRINGS = NO;
				SWIFT_VERSION = 5.0;
				TEST_TARGET_NAME = Hoop;
			};
			name = Release;
		};
/* End XCBuildConfiguration section */

/* Begin XCConfigurationList section */
		4371B15C2E08F94500B003B2 /* Build configuration list for PBXProject "Hoop" */ = {
			isa = XCConfigurationList;
			buildConfigurations = (
				4371B1812E08F94700B003B2 /* Debug */,
				4371B1822E08F94700B003B2 /* Release */,
			);
			defaultConfigurationIsVisible = 0;
			defaultConfigurationName = Release;
		};
		4371B1832E08F94700B003B2 /* Build configuration list for PBXNativeTarget "Hoop" */ = {
			isa = XCConfigurationList;
			buildConfigurations = (
				4371B1842E08F94700B003B2 /* Debug */,
				4371B1852E08F94700B003B2 /* Release */,
			);
			defaultConfigurationIsVisible = 0;
			defaultConfigurationName = Release;
		};
		4371B1862E08F94700B003B2 /* Build configuration list for PBXNativeTarget "HoopTests" */ = {
			isa = XCConfigurationList;
			buildConfigurations = (
				4371B1872E08F94700B003B2 /* Debug */,
				4371B1882E08F94700B003B2 /* Release */,
			);
			defaultConfigurationIsVisible = 0;
			defaultConfigurationName = Release;
		};
		4371B1892E08F94700B003B2 /* Build configuration list for PBXNativeTarget "HoopUITests" */ = {
			isa = XCConfigurationList;
			buildConfigurations = (
				4371B18A2E08F94700B003B2 /* Debug */,
				4371B18B2E08F94700B003B2 /* Release */,
			);
			defaultConfigurationIsVisible = 0;
			defaultConfigurationName = Release;
		};
/* End XCConfigurationList section */
	};
	rootObject = 4371B1592E08F94500B003B2 /* Project object */;
}
